// !$*UTF8*$!
{
	archiveVersion = 1;
	classes = {
	};
	objectVersion = 50;
	objects = {

/* Begin PBXBuildFile section */
		A8046B7621E7B6C700DB3074 /* AppDelegate.swift in Sources */ = {isa = PBXBuildFile; fileRef = A8046B7521E7B6C700DB3074 /* AppDelegate.swift */; };
		A8046B7821E7B6C700DB3074 /* ViewController.swift in Sources */ = {isa = PBXBuildFile; fileRef = A8046B7721E7B6C700DB3074 /* ViewController.swift */; };
		A8046B7B21E7B6C700DB3074 /* Main.storyboard in Resources */ = {isa = PBXBuildFile; fileRef = A8046B7921E7B6C700DB3074 /* Main.storyboard */; };
		A8046B7D21E7B6CB00DB3074 /* Assets.xcassets in Resources */ = {isa = PBXBuildFile; fileRef = A8046B7C21E7B6CB00DB3074 /* Assets.xcassets */; };
		A8046B8021E7B6CB00DB3074 /* LaunchScreen.storyboard in Resources */ = {isa = PBXBuildFile; fileRef = A8046B7E21E7B6CB00DB3074 /* LaunchScreen.storyboard */; };
		A8046B8B21E7B6CB00DB3074 /* Memorable_PlacesTests.swift in Sources */ = {isa = PBXBuildFile; fileRef = A8046B8A21E7B6CB00DB3074 /* Memorable_PlacesTests.swift */; };
		A8046B9621E7B6CB00DB3074 /* Memorable_PlacesUITests.swift in Sources */ = {isa = PBXBuildFile; fileRef = A8046B9521E7B6CB00DB3074 /* Memorable_PlacesUITests.swift */; };
/* End PBXBuildFile section */

/* Begin PBXContainerItemProxy section */
		A8046B8721E7B6CB00DB3074 /* PBXContainerItemProxy */ = {
			isa = PBXContainerItemProxy;
			containerPortal = A8046B6A21E7B6C700DB3074 /* Project object */;
			proxyType = 1;
			remoteGlobalIDString = A8046B7121E7B6C700DB3074;
			remoteInfo = "Memorable Places";
		};
		A8046B9221E7B6CB00DB3074 /* PBXContainerItemProxy */ = {
			isa = PBXContainerItemProxy;
			containerPortal = A8046B6A21E7B6C700DB3074 /* Project object */;
			proxyType = 1;
			remoteGlobalIDString = A8046B7121E7B6C700DB3074;
			remoteInfo = "Memorable Places";
		};
/* End PBXContainerItemProxy section */

/* Begin PBXFileReference section */
		A8046B7221E7B6C700DB3074 /* Memorable Places.app */ = {isa = PBXFileReference; explicitFileType = wrapper.application; includeInIndex = 0; path = "Memorable Places.app"; sourceTree = BUILT_PRODUCTS_DIR; };
		A8046B7521E7B6C700DB3074 /* AppDelegate.swift */ = {isa = PBXFileReference; lastKnownFileType = sourcecode.swift; path = AppDelegate.swift; sourceTree = "<group>"; };
		A8046B7721E7B6C700DB3074 /* ViewController.swift */ = {isa = PBXFileReference; lastKnownFileType = sourcecode.swift; path = ViewController.swift; sourceTree = "<group>"; };
		A8046B7A21E7B6C700DB3074 /* Base */ = {isa = PBXFileReference; lastKnownFileType = file.storyboard; name = Base; path = Base.lproj/Main.storyboard; sourceTree = "<group>"; };
		A8046B7C21E7B6CB00DB3074 /* Assets.xcassets */ = {isa = PBXFileReference; lastKnownFileType = folder.assetcatalog; path = Assets.xcassets; sourceTree = "<group>"; };
		A8046B7F21E7B6CB00DB3074 /* Base */ = {isa = PBXFileReference; lastKnownFileType = file.storyboard; name = Base; path = Base.lproj/LaunchScreen.storyboard; sourceTree = "<group>"; };
		A8046B8121E7B6CB00DB3074 /* Info.plist */ = {isa = PBXFileReference; lastKnownFileType = text.plist.xml; path = Info.plist; sourceTree = "<group>"; };
		A8046B8621E7B6CB00DB3074 /* Memorable PlacesTests.xctest */ = {isa = PBXFileReference; explicitFileType = wrapper.cfbundle; includeInIndex = 0; path = "Memorable PlacesTests.xctest"; sourceTree = BUILT_PRODUCTS_DIR; };
		A8046B8A21E7B6CB00DB3074 /* Memorable_PlacesTests.swift */ = {isa = PBXFileReference; lastKnownFileType = sourcecode.swift; path = Memorable_PlacesTests.swift; sourceTree = "<group>"; };
		A8046B8C21E7B6CB00DB3074 /* Info.plist */ = {isa = PBXFileReference; lastKnownFileType = text.plist.xml; path = Info.plist; sourceTree = "<group>"; };
		A8046B9121E7B6CB00DB3074 /* Memorable PlacesUITests.xctest */ = {isa = PBXFileReference; explicitFileType = wrapper.cfbundle; includeInIndex = 0; path = "Memorable PlacesUITests.xctest"; sourceTree = BUILT_PRODUCTS_DIR; };
		A8046B9521E7B6CB00DB3074 /* Memorable_PlacesUITests.swift */ = {isa = PBXFileReference; lastKnownFileType = sourcecode.swift; path = Memorable_PlacesUITests.swift; sourceTree = "<group>"; };
		A8046B9721E7B6CB00DB3074 /* Info.plist */ = {isa = PBXFileReference; lastKnownFileType = text.plist.xml; path = Info.plist; sourceTree = "<group>"; };
/* End PBXFileReference section */

/* Begin PBXFrameworksBuildPhase section */
		A8046B6F21E7B6C700DB3074 /* Frameworks */ = {
			isa = PBXFrameworksBuildPhase;
			buildActionMask = 2147483647;
			files = (
			);
			runOnlyForDeploymentPostprocessing = 0;
		};
		A8046B8321E7B6CB00DB3074 /* Frameworks */ = {
			isa = PBXFrameworksBuildPhase;
			buildActionMask = 2147483647;
			files = (
			);
			runOnlyForDeploymentPostprocessing = 0;
		};
		A8046B8E21E7B6CB00DB3074 /* Frameworks */ = {
			isa = PBXFrameworksBuildPhase;
			buildActionMask = 2147483647;
			files = (
			);
			runOnlyForDeploymentPostprocessing = 0;
		};
/* End PBXFrameworksBuildPhase section */

/* Begin PBXGroup section */
		A8046B6921E7B6C700DB3074 = {
			isa = PBXGroup;
			children = (
				A8046B7421E7B6C700DB3074 /* Memorable Places */,
				A8046B8921E7B6CB00DB3074 /* Memorable PlacesTests */,
				A8046B9421E7B6CB00DB3074 /* Memorable PlacesUITests */,
				A8046B7321E7B6C700DB3074 /* Products */,
			);
			sourceTree = "<group>";
		};
		A8046B7321E7B6C700DB3074 /* Products */ = {
			isa = PBXGroup;
			children = (
				A8046B7221E7B6C700DB3074 /* Memorable Places.app */,
				A8046B8621E7B6CB00DB3074 /* Memorable PlacesTests.xctest */,
				A8046B9121E7B6CB00DB3074 /* Memorable PlacesUITests.xctest */,
			);
			name = Products;
			sourceTree = "<group>";
		};
		A8046B7421E7B6C700DB3074 /* Memorable Places */ = {
			isa = PBXGroup;
			children = (
				A8046B7521E7B6C700DB3074 /* AppDelegate.swift */,
				A8046B7721E7B6C700DB3074 /* ViewController.swift */,
				A8046B7921E7B6C700DB3074 /* Main.storyboard */,
				A8046B7C21E7B6CB00DB3074 /* Assets.xcassets */,
				A8046B7E21E7B6CB00DB3074 /* LaunchScreen.storyboard */,
				A8046B8121E7B6CB00DB3074 /* Info.plist */,
			);
			path = "Memorable Places";
			sourceTree = "<group>";
		};
		A8046B8921E7B6CB00DB3074 /* Memorable PlacesTests */ = {
			isa = PBXGroup;
			children = (
				A8046B8A21E7B6CB00DB3074 /* Memorable_PlacesTests.swift */,
				A8046B8C21E7B6CB00DB3074 /* Info.plist */,
			);
			path = "Memorable PlacesTests";
			sourceTree = "<group>";
		};
		A8046B9421E7B6CB00DB3074 /* Memorable PlacesUITests */ = {
			isa = PBXGroup;
			children = (
				A8046B9521E7B6CB00DB3074 /* Memorable_PlacesUITests.swift */,
				A8046B9721E7B6CB00DB3074 /* Info.plist */,
			);
			path = "Memorable PlacesUITests";
			sourceTree = "<group>";
		};
/* End PBXGroup section */

/* Begin PBXNativeTarget section */
		A8046B7121E7B6C700DB3074 /* Memorable Places */ = {
			isa = PBXNativeTarget;
			buildConfigurationList = A8046B9A21E7B6CB00DB3074 /* Build configuration list for PBXNativeTarget "Memorable Places" */;
			buildPhases = (
				A8046B6E21E7B6C700DB3074 /* Sources */,
				A8046B6F21E7B6C700DB3074 /* Frameworks */,
				A8046B7021E7B6C700DB3074 /* Resources */,
			);
			buildRules = (
			);
			dependencies = (
			);
			name = "Memorable Places";
			productName = "Memorable Places";
			productReference = A8046B7221E7B6C700DB3074 /* Memorable Places.app */;
			productType = "com.apple.product-type.application";
		};
		A8046B8521E7B6CB00DB3074 /* Memorable PlacesTests */ = {
			isa = PBXNativeTarget;
			buildConfigurationList = A8046B9D21E7B6CB00DB3074 /* Build configuration list for PBXNativeTarget "Memorable PlacesTests" */;
			buildPhases = (
				A8046B8221E7B6CB00DB3074 /* Sources */,
				A8046B8321E7B6CB00DB3074 /* Frameworks */,
				A8046B8421E7B6CB00DB3074 /* Resources */,
			);
			buildRules = (
			);
			dependencies = (
				A8046B8821E7B6CB00DB3074 /* PBXTargetDependency */,
			);
			name = "Memorable PlacesTests";
			productName = "Memorable PlacesTests";
			productReference = A8046B8621E7B6CB00DB3074 /* Memorable PlacesTests.xctest */;
			productType = "com.apple.product-type.bundle.unit-test";
		};
		A8046B9021E7B6CB00DB3074 /* Memorable PlacesUITests */ = {
			isa = PBXNativeTarget;
			buildConfigurationList = A8046BA021E7B6CB00DB3074 /* Build configuration list for PBXNativeTarget "Memorable PlacesUITests" */;
			buildPhases = (
				A8046B8D21E7B6CB00DB3074 /* Sources */,
				A8046B8E21E7B6CB00DB3074 /* Frameworks */,
				A8046B8F21E7B6CB00DB3074 /* Resources */,
			);
			buildRules = (
			);
			dependencies = (
				A8046B9321E7B6CB00DB3074 /* PBXTargetDependency */,
			);
			name = "Memorable PlacesUITests";
			productName = "Memorable PlacesUITests";
			productReference = A8046B9121E7B6CB00DB3074 /* Memorable PlacesUITests.xctest */;
			productType = "com.apple.product-type.bundle.ui-testing";
		};
/* End PBXNativeTarget section */

/* Begin PBXProject section */
		A8046B6A21E7B6C700DB3074 /* Project object */ = {
			isa = PBXProject;
			attributes = {
				LastSwiftUpdateCheck = 1010;
				LastUpgradeCheck = 1010;
				ORGANIZATIONNAME = "Derrick White";
				TargetAttributes = {
					A8046B7121E7B6C700DB3074 = {
						CreatedOnToolsVersion = 10.1;
					};
					A8046B8521E7B6CB00DB3074 = {
						CreatedOnToolsVersion = 10.1;
						TestTargetID = A8046B7121E7B6C700DB3074;
					};
					A8046B9021E7B6CB00DB3074 = {
						CreatedOnToolsVersion = 10.1;
						TestTargetID = A8046B7121E7B6C700DB3074;
					};
				};
			};
			buildConfigurationList = A8046B6D21E7B6C700DB3074 /* Build configuration list for PBXProject "Memorable Places" */;
			compatibilityVersion = "Xcode 9.3";
			developmentRegion = en;
			hasScannedForEncodings = 0;
			knownRegions = (
				en,
				Base,
			);
			mainGroup = A8046B6921E7B6C700DB3074;
			productRefGroup = A8046B7321E7B6C700DB3074 /* Products */;
			projectDirPath = "";
			projectRoot = "";
			targets = (
				A8046B7121E7B6C700DB3074 /* Memorable Places */,
				A8046B8521E7B6CB00DB3074 /* Memorable PlacesTests */,
				A8046B9021E7B6CB00DB3074 /* Memorable PlacesUITests */,
			);
		};
/* End PBXProject section */

/* Begin PBXResourcesBuildPhase section */
		A8046B7021E7B6C700DB3074 /* Resources */ = {
			isa = PBXResourcesBuildPhase;
			buildActionMask = 2147483647;
			files = (
				A8046B8021E7B6CB00DB3074 /* LaunchScreen.storyboard in Resources */,
				A8046B7D21E7B6CB00DB3074 /* Assets.xcassets in Resources */,
				A8046B7B21E7B6C700DB3074 /* Main.storyboard in Resources */,
			);
			runOnlyForDeploymentPostprocessing = 0;
		};
		A8046B8421E7B6CB00DB3074 /* Resources */ = {
			isa = PBXResourcesBuildPhase;
			buildActionMask = 2147483647;
			files = (
			);
			runOnlyForDeploymentPostprocessing = 0;
		};
		A8046B8F21E7B6CB00DB3074 /* Resources */ = {
			isa = PBXResourcesBuildPhase;
			buildActionMask = 2147483647;
			files = (
			);
			runOnlyForDeploymentPostprocessing = 0;
		};
/* End PBXResourcesBuildPhase section */

/* Begin PBXSourcesBuildPhase section */
		A8046B6E21E7B6C700DB3074 /* Sources */ = {
			isa = PBXSourcesBuildPhase;
			buildActionMask = 2147483647;
			files = (
				A8046B7821E7B6C700DB3074 /* ViewController.swift in Sources */,
				A8046B7621E7B6C700DB3074 /* AppDelegate.swift in Sources */,
			);
			runOnlyForDeploymentPostprocessing = 0;
		};
		A8046B8221E7B6CB00DB3074 /* Sources */ = {
			isa = PBXSourcesBuildPhase;
			buildActionMask = 2147483647;
			files = (
				A8046B8B21E7B6CB00DB3074 /* Memorable_PlacesTests.swift in Sources */,
			);
			runOnlyForDeploymentPostprocessing = 0;
		};
		A8046B8D21E7B6CB00DB3074 /* Sources */ = {
			isa = PBXSourcesBuildPhase;
			buildActionMask = 2147483647;
			files = (
				A8046B9621E7B6CB00DB3074 /* Memorable_PlacesUITests.swift in Sources */,
			);
			runOnlyForDeploymentPostprocessing = 0;
		};
/* End PBXSourcesBuildPhase section */

/* Begin PBXTargetDependency section */
		A8046B8821E7B6CB00DB3074 /* PBXTargetDependency */ = {
			isa = PBXTargetDependency;
			target = A8046B7121E7B6C700DB3074 /* Memorable Places */;
			targetProxy = A8046B8721E7B6CB00DB3074 /* PBXContainerItemProxy */;
		};
		A8046B9321E7B6CB00DB3074 /* PBXTargetDependency */ = {
			isa = PBXTargetDependency;
			target = A8046B7121E7B6C700DB3074 /* Memorable Places */;
			targetProxy = A8046B9221E7B6CB00DB3074 /* PBXContainerItemProxy */;
		};
/* End PBXTargetDependency section */

/* Begin PBXVariantGroup section */
		A8046B7921E7B6C700DB3074 /* Main.storyboard */ = {
			isa = PBXVariantGroup;
			children = (
				A8046B7A21E7B6C700DB3074 /* Base */,
			);
			name = Main.storyboard;
			sourceTree = "<group>";
		};
		A8046B7E21E7B6CB00DB3074 /* LaunchScreen.storyboard */ = {
			isa = PBXVariantGroup;
			children = (
				A8046B7F21E7B6CB00DB3074 /* Base */,
			);
			name = LaunchScreen.storyboard;
			sourceTree = "<group>";
		};
/* End PBXVariantGroup section */

/* Begin XCBuildConfiguration section */
		A8046B9821E7B6CB00DB3074 /* Debug */ = {
			isa = XCBuildConfiguration;
			buildSettings = {
				ALWAYS_SEARCH_USER_PATHS = NO;
				CLANG_ANALYZER_NONNULL = YES;
				CLANG_ANALYZER_NUMBER_OBJECT_CONVERSION = YES_AGGRESSIVE;
				CLANG_CXX_LANGUAGE_STANDARD = "gnu++14";
				CLANG_CXX_LIBRARY = "libc++";
				CLANG_ENABLE_MODULES = YES;
				CLANG_ENABLE_OBJC_ARC = YES;
				CLANG_ENABLE_OBJC_WEAK = YES;
				CLANG_WARN_BLOCK_CAPTURE_AUTORELEASING = YES;
				CLANG_WARN_BOOL_CONVERSION = YES;
				CLANG_WARN_COMMA = YES;
				CLANG_WARN_CONSTANT_CONVERSION = YES;
				CLANG_WARN_DEPRECATED_OBJC_IMPLEMENTATIONS = YES;
				CLANG_WARN_DIRECT_OBJC_ISA_USAGE = YES_ERROR;
				CLANG_WARN_DOCUMENTATION_COMMENTS = YES;
				CLANG_WARN_EMPTY_BODY = YES;
				CLANG_WARN_ENUM_CONVERSION = YES;
				CLANG_WARN_INFINITE_RECURSION = YES;
				CLANG_WARN_INT_CONVERSION = YES;
				CLANG_WARN_NON_LITERAL_NULL_CONVERSION = YES;
				CLANG_WARN_OBJC_IMPLICIT_RETAIN_SELF = YES;
				CLANG_WARN_OBJC_LITERAL_CONVERSION = YES;
				CLANG_WARN_OBJC_ROOT_CLASS = YES_ERROR;
				CLANG_WARN_RANGE_LOOP_ANALYSIS = YES;
				CLANG_WARN_STRICT_PROTOTYPES = YES;
				CLANG_WARN_SUSPICIOUS_MOVE = YES;
				CLANG_WARN_UNGUARDED_AVAILABILITY = YES_AGGRESSIVE;
				CLANG_WARN_UNREACHABLE_CODE = YES;
				CLANG_WARN__DUPLICATE_METHOD_MATCH = YES;
				CODE_SIGN_IDENTITY = "iPhone Developer";
				COPY_PHASE_STRIP = NO;
				DEBUG_INFORMATION_FORMAT = dwarf;
				ENABLE_STRICT_OBJC_MSGSEND = YES;
				ENABLE_TESTABILITY = YES;
				GCC_C_LANGUAGE_STANDARD = gnu11;
				GCC_DYNAMIC_NO_PIC = NO;
				GCC_NO_COMMON_BLOCKS = YES;
				GCC_OPTIMIZATION_LEVEL = 0;
				GCC_PREPROCESSOR_DEFINITIONS = (
					"DEBUG=1",
					"$(inherited)",
				);
				GCC_WARN_64_TO_32_BIT_CONVERSION = YES;
				GCC_WARN_ABOUT_RETURN_TYPE = YES_ERROR;
				GCC_WARN_UNDECLARED_SELECTOR = YES;
				GCC_WARN_UNINITIALIZED_AUTOS = YES_AGGRESSIVE;
				GCC_WARN_UNUSED_FUNCTION = YES;
				GCC_WARN_UNUSED_VARIABLE = YES;
				IPHONEOS_DEPLOYMENT_TARGET = 12.1;
				MTL_ENABLE_DEBUG_INFO = INCLUDE_SOURCE;
				MTL_FAST_MATH = YES;
				ONLY_ACTIVE_ARCH = YES;
				SDKROOT = iphoneos;
				SWIFT_ACTIVE_COMPILATION_CONDITIONS = DEBUG;
				SWIFT_OPTIMIZATION_LEVEL = "-Onone";
			};
			name = Debug;
		};
		A8046B9921E7B6CB00DB3074 /* Release */ = {
			isa = XCBuildConfiguration;
			buildSettings = {
				ALWAYS_SEARCH_USER_PATHS = NO;
				CLANG_ANALYZER_NONNULL = YES;
				CLANG_ANALYZER_NUMBER_OBJECT_CONVERSION = YES_AGGRESSIVE;
				CLANG_CXX_LANGUAGE_STANDARD = "gnu++14";
				CLANG_CXX_LIBRARY = "libc++";
				CLANG_ENABLE_MODULES = YES;
				CLANG_ENABLE_OBJC_ARC = YES;
				CLANG_ENABLE_OBJC_WEAK = YES;
				CLANG_WARN_BLOCK_CAPTURE_AUTORELEASING = YES;
				CLANG_WARN_BOOL_CONVERSION = YES;
				CLANG_WARN_COMMA = YES;
				CLANG_WARN_CONSTANT_CONVERSION = YES;
				CLANG_WARN_DEPRECATED_OBJC_IMPLEMENTATIONS = YES;
				CLANG_WARN_DIRECT_OBJC_ISA_USAGE = YES_ERROR;
				CLANG_WARN_DOCUMENTATION_COMMENTS = YES;
				CLANG_WARN_EMPTY_BODY = YES;
				CLANG_WARN_ENUM_CONVERSION = YES;
				CLANG_WARN_INFINITE_RECURSION = YES;
				CLANG_WARN_INT_CONVERSION = YES;
				CLANG_WARN_NON_LITERAL_NULL_CONVERSION = YES;
				CLANG_WARN_OBJC_IMPLICIT_RETAIN_SELF = YES;
				CLANG_WARN_OBJC_LITERAL_CONVERSION = YES;
				CLANG_WARN_OBJC_ROOT_CLASS = YES_ERROR;
				CLANG_WARN_RANGE_LOOP_ANALYSIS = YES;
				CLANG_WARN_STRICT_PROTOTYPES = YES;
				CLANG_WARN_SUSPICIOUS_MOVE = YES;
				CLANG_WARN_UNGUARDED_AVAILABILITY = YES_AGGRESSIVE;
				CLANG_WARN_UNREACHABLE_CODE = YES;
				CLANG_WARN__DUPLICATE_METHOD_MATCH = YES;
				CODE_SIGN_IDENTITY = "iPhone Developer";
				COPY_PHASE_STRIP = NO;
				DEBUG_INFORMATION_FORMAT = "dwarf-with-dsym";
				ENABLE_NS_ASSERTIONS = NO;
				ENABLE_STRICT_OBJC_MSGSEND = YES;
				GCC_C_LANGUAGE_STANDARD = gnu11;
				GCC_NO_COMMON_BLOCKS = YES;
				GCC_WARN_64_TO_32_BIT_CONVERSION = YES;
				GCC_WARN_ABOUT_RETURN_TYPE = YES_ERROR;
				GCC_WARN_UNDECLARED_SELECTOR = YES;
				GCC_WARN_UNINITIALIZED_AUTOS = YES_AGGRESSIVE;
				GCC_WARN_UNUSED_FUNCTION = YES;
				GCC_WARN_UNUSED_VARIABLE = YES;
				IPHONEOS_DEPLOYMENT_TARGET = 12.1;
				MTL_ENABLE_DEBUG_INFO = NO;
				MTL_FAST_MATH = YES;
				SDKROOT = iphoneos;
				SWIFT_COMPILATION_MODE = wholemodule;
				SWIFT_OPTIMIZATION_LEVEL = "-O";
				VALIDATE_PRODUCT = YES;
			};
			name = Release;
		};
		A8046B9B21E7B6CB00DB3074 /* Debug */ = {
			isa = XCBuildConfiguration;
			buildSettings = {
				ASSETCATALOG_COMPILER_APPICON_NAME = AppIcon;
				CODE_SIGN_STYLE = Automatic;
				DEVELOPMENT_TEAM = WT396HXXF8;
				INFOPLIST_FILE = "Memorable Places/Info.plist";
				LD_RUNPATH_SEARCH_PATHS = (
					"$(inherited)",
					"@executable_path/Frameworks",
				);
				PRODUCT_BUNDLE_IDENTIFIER = "com.DerrickWhite.Memorable-Places";
				PRODUCT_NAME = "$(TARGET_NAME)";
				SWIFT_VERSION = 4.2;
				TARGETED_DEVICE_FAMILY = "1,2";
			};
			name = Debug;
		};
		A8046B9C21E7B6CB00DB3074 /* Release */ = {
			isa = XCBuildConfiguration;
			buildSettings = {
				ASSETCATALOG_COMPILER_APPICON_NAME = AppIcon;
				CODE_SIGN_STYLE = Automatic;
				DEVELOPMENT_TEAM = WT396HXXF8;
				INFOPLIST_FILE = "Memorable Places/Info.plist";
				LD_RUNPATH_SEARCH_PATHS = (
					"$(inherited)",
					"@executable_path/Frameworks",
				);
				PRODUCT_BUNDLE_IDENTIFIER = "com.DerrickWhite.Memorable-Places";
				PRODUCT_NAME = "$(TARGET_NAME)";
				SWIFT_VERSION = 4.2;
				TARGETED_DEVICE_FAMILY = "1,2";
			};
			name = Release;
		};
		A8046B9E21E7B6CB00DB3074 /* Debug */ = {
			isa = XCBuildConfiguration;
			buildSettings = {
				ALWAYS_EMBED_SWIFT_STANDARD_LIBRARIES = YES;
				BUNDLE_LOADER = "$(TEST_HOST)";
				CODE_SIGN_STYLE = Automatic;
				DEVELOPMENT_TEAM = WT396HXXF8;
				INFOPLIST_FILE = "Memorable PlacesTests/Info.plist";
				LD_RUNPATH_SEARCH_PATHS = (
					"$(inherited)",
					"@executable_path/Frameworks",
					"@loader_path/Frameworks",
				);
				PRODUCT_BUNDLE_IDENTIFIER = "com.DerrickWhite.Memorable-PlacesTests";
				PRODUCT_NAME = "$(TARGET_NAME)";
				SWIFT_VERSION = 4.2;
				TARGETED_DEVICE_FAMILY = "1,2";
				TEST_HOST = "$(BUILT_PRODUCTS_DIR)/Memorable Places.app/Memorable Places";
			};
			name = Debug;
		};
		A8046B9F21E7B6CB00DB3074 /* Release */ = {
			isa = XCBuildConfiguration;
			buildSettings = {
				ALWAYS_EMBED_SWIFT_STANDARD_LIBRARIES = YES;
				BUNDLE_LOADER = "$(TEST_HOST)";
				CODE_SIGN_STYLE = Automatic;
				DEVELOPMENT_TEAM = WT396HXXF8;
				INFOPLIST_FILE = "Memorable PlacesTests/Info.plist";
				LD_RUNPATH_SEARCH_PATHS = (
					"$(inherited)",
					"@executable_path/Frameworks",
					"@loader_path/Frameworks",
				);
				PRODUCT_BUNDLE_IDENTIFIER = "com.DerrickWhite.Memorable-PlacesTests";
				PRODUCT_NAME = "$(TARGET_NAME)";
				SWIFT_VERSION = 4.2;
				TARGETED_DEVICE_FAMILY = "1,2";
				TEST_HOST = "$(BUILT_PRODUCTS_DIR)/Memorable Places.app/Memorable Places";
			};
			name = Release;
		};
		A8046BA121E7B6CB00DB3074 /* Debug */ = {
			isa = XCBuildConfiguration;
			buildSettings = {
				ALWAYS_EMBED_SWIFT_STANDARD_LIBRARIES = YES;
				CODE_SIGN_STYLE = Automatic;
				DEVELOPMENT_TEAM = WT396HXXF8;
				INFOPLIST_FILE = "Memorable PlacesUITests/Info.plist";
				LD_RUNPATH_SEARCH_PATHS = (
					"$(inherited)",
					"@executable_path/Frameworks",
					"@loader_path/Frameworks",
				);
				PRODUCT_BUNDLE_IDENTIFIER = "com.DerrickWhite.Memorable-PlacesUITests";
				PRODUCT_NAME = "$(TARGET_NAME)";
				SWIFT_VERSION = 4.2;
				TARGETED_DEVICE_FAMILY = "1,2";
				TEST_TARGET_NAME = "Memorable Places";
			};
			name = Debug;
		};
		A8046BA221E7B6CB00DB3074 /* Release */ = {
			isa = XCBuildConfiguration;
			buildSettings = {
				ALWAYS_EMBED_SWIFT_STANDARD_LIBRARIES = YES;
				CODE_SIGN_STYLE = Automatic;
				DEVELOPMENT_TEAM = WT396HXXF8;
				INFOPLIST_FILE = "Memorable PlacesUITests/Info.plist";
				LD_RUNPATH_SEARCH_PATHS = (
					"$(inherited)",
					"@executable_path/Frameworks",
					"@loader_path/Frameworks",
				);
				PRODUCT_BUNDLE_IDENTIFIER = "com.DerrickWhite.Memorable-PlacesUITests";
				PRODUCT_NAME = "$(TARGET_NAME)";
				SWIFT_VERSION = 4.2;
				TARGETED_DEVICE_FAMILY = "1,2";
				TEST_TARGET_NAME = "Memorable Places";
			};
			name = Release;
		};
/* End XCBuildConfiguration section */

/* Begin XCConfigurationList section */
		A8046B6D21E7B6C700DB3074 /* Build configuration list for PBXProject "Memorable Places" */ = {
			isa = XCConfigurationList;
			buildConfigurations = (
				A8046B9821E7B6CB00DB3074 /* Debug */,
				A8046B9921E7B6CB00DB3074 /* Release */,
			);
			defaultConfigurationIsVisible = 0;
			defaultConfigurationName = Release;
		};
		A8046B9A21E7B6CB00DB3074 /* Build configuration list for PBXNativeTarget "Memorable Places" */ = {
			isa = XCConfigurationList;
			buildConfigurations = (
				A8046B9B21E7B6CB00DB3074 /* Debug */,
				A8046B9C21E7B6CB00DB3074 /* Release */,
			);
			defaultConfigurationIsVisible = 0;
			defaultConfigurationName = Release;
		};
		A8046B9D21E7B6CB00DB3074 /* Build configuration list for PBXNativeTarget "Memorable PlacesTests" */ = {
			isa = XCConfigurationList;
			buildConfigurations = (
				A8046B9E21E7B6CB00DB3074 /* Debug */,
				A8046B9F21E7B6CB00DB3074 /* Release */,
			);
			defaultConfigurationIsVisible = 0;
			defaultConfigurationName = Release;
		};
		A8046BA021E7B6CB00DB3074 /* Build configuration list for PBXNativeTarget "Memorable PlacesUITests" */ = {
			isa = XCConfigurationList;
			buildConfigurations = (
				A8046BA121E7B6CB00DB3074 /* Debug */,
				A8046BA221E7B6CB00DB3074 /* Release */,
			);
			defaultConfigurationIsVisible = 0;
			defaultConfigurationName = Release;
		};
/* End XCConfigurationList section */
	};
	rootObject = A8046B6A21E7B6C700DB3074 /* Project object */;
}
